
Microsoft Visual Studio Solution File, Format Version 12.00
# Visual Studio 15
VisualStudioVersion = 15.0.27428.2005
MinimumVisualStudioVersion = 10.0.40219.1
Project("{FAE04EC0-301F-11D3-BF4B-00C04F79EFBC}") = "WebApplication1", "WebApplication1\WebApplication1.csproj", "{C9DF722F-F73B-4BD9-B0E3-EF8A53D600E8}"
EndProject
Project("{FAE04EC0-301F-11D3-BF4B-00C04F79EFBC}") = "WebApplication1.Tests", "WebApplication1.Tests\WebApplication1.Tests.csproj", "{326EEFA8-2ABC-4F9F-8783-297D9F5B8286}"
EndProject
Global
	GlobalSection(SolutionConfigurationPlatforms) = preSolution
		Debug|Any CPU = Debug|Any CPU
		Release|Any CPU = Release|Any CPU
	EndGlobalSection
	GlobalSection(ProjectConfigurationPlatforms) = postSolution
		{C9DF722F-F73B-4BD9-B0E3-EF8A53D600E8}.Debug|Any CPU.ActiveCfg = Debug|Any CPU
		{C9DF722F-F73B-4BD9-B0E3-EF8A53D600E8}.Debug|Any CPU.Build.0 = Debug|Any CPU
		{C9DF722F-F73B-4BD9-B0E3-EF8A53D600E8}.Release|Any CPU.ActiveCfg = Release|Any CPU
		{C9DF722F-F73B-4BD9-B0E3-EF8A53D600E8}.Release|Any CPU.Build.0 = Release|Any CPU
		{326EEFA8-2ABC-4F9F-8783-297D9F5B8286}.Debug|Any CPU.ActiveCfg = Debug|Any CPU
		{326EEFA8-2ABC-4F9F-8783-297D9F5B8286}.Debug|Any CPU.Build.0 = Debug|Any CPU
		{326EEFA8-2ABC-4F9F-8783-297D9F5B8286}.Release|Any CPU.ActiveCfg = Release|Any CPU
		{326EEFA8-2ABC-4F9F-8783-297D9F5B8286}.Release|Any CPU.Build.0 = Release|Any CPU
	EndGlobalSection
	GlobalSection(SolutionProperties) = preSolution
		HideSolutionNode = FALSE
	EndGlobalSection
	GlobalSection(ExtensibilityGlobals) = postSolution
		SolutionGuid = {B35D1090-9F9A-4183-8991-DD79AF41BE0A}
	EndGlobalSection
EndGlobal
